version = 1
revision = 3
requires-python = ">=3.11"

[[package]]
name = "mutagen"
version = "1.47.0"
source = { registry = "https://pypi.org/simple" }
sdist = { url = "https://files.pythonhosted.org/packages/81/e6/64bc71b74eef4b68e61eb921dcf72dabd9e4ec4af1e11891bbd312ccbb77/mutagen-1.47.0.tar.gz", hash = "sha256:719fadef0a978c31b4cf3c956261b3c58b6948b32023078a2117b1de09f0fc99", size = 1274186, upload-time = "2023-09-03T16:33:33.411Z" }
wheels = [
    { url = "https://files.pythonhosted.org/packages/b0/7a/620f945b96be1f6ee357d211d5bf74ab1b7fe72a9f1525aafbfe3aee6875/mutagen-1.47.0-py3-none-any.whl", hash = "sha256:edd96f50c5907a9539d8e5bba7245f62c9f520aef333d13392a79a4f70aca719", size = 194391, upload-time = "2023-09-03T16:33:29.955Z" },
]

[[package]]
name = "python-dotenv"
version = "1.2.2"
source = { registry = "https://pypi.org/simple" }
sdist = { url = "https://files.pythonhosted.org/packages/82/ed/0301aeeac3e5353ef3d94b6ec08bbcabd04a72018415dcb29e588514bba8/python_dotenv-1.2.2.tar.gz", hash = "sha256:2c371a91fbd7ba082c2c1dc1f8bf89ca22564a087c2c287cd9b662adde799cf3", size = 50135, upload-time = "2026-03-01T16:00:26.196Z" }
wheels = [
    { url = "https://files.pythonhosted.org/packages/0b/d7/1959b9648791274998a9c3526f6d0ec8fd2233e4d4acce81bbae76b44b2a/python_dotenv-1.2.2-py3-none-any.whl", hash = "sha256:1d8214789a24de455a8b8bd8ae6fe3c6b69a5e3d64aa8a8e5d68e694bbcb285a", size = 22101, upload-time = "2026-03-01T16:00:25.09Z" },
]

[[package]]
name = "radio-record"
version = "1.0.0"
source = { editable = "." }
dependencies = [
    { name = "mutagen" },
    { name = "python-dotenv" },
]

[package.metadata]
requires-dist = [
    { name = "mutagen", specifier = ">=1.47" },
    { name = "python-dotenv", specifier = ">=1.0" },
]
